
Microsoft Visual Studio Solution File, Format Version 12.00
# Visual Studio 15
VisualStudioVersion = 15.0.28307.1267
MinimumVisualStudioVersion = 10.0.40219.1
Project("{F184B08F-C81C-45F6-A57F-5ABD9991F28F}") = "Hangman_Game", "Hangman_Game\Hangman_Game.vbproj", "{66825AAB-40B6-4285-A55E-6D013967B51E}"
EndProject
Global
	GlobalSection(SolutionConfigurationPlatforms) = preSolution
		Debug|Any CPU = Debug|Any CPU
		Release|Any CPU = Release|Any CPU
	EndGlobalSection
	GlobalSection(ProjectConfigurationPlatforms) = postSolution
		{66825AAB-40B6-4285-A55E-6D013967B51E}.Debug|Any CPU.ActiveCfg = Debug|Any CPU
		{66825AAB-40B6-4285-A55E-6D013967B51E}.Debug|Any CPU.Build.0 = Debug|Any CPU
		{66825AAB-40B6-4285-A55E-6D013967B51E}.Release|Any CPU.ActiveCfg = Release|Any CPU
		{66825AAB-40B6-4285-A55E-6D013967B51E}.Release|Any CPU.Build.0 = Release|Any CPU
	EndGlobalSection
	GlobalSection(SolutionProperties) = preSolution
		HideSolutionNode = FALSE
	EndGlobalSection
	GlobalSection(ExtensibilityGlobals) = postSolution
		SolutionGuid = {DB456DD1-5AE4-4C8D-8B0F-62FBDFCB4ABD}
	EndGlobalSection
EndGlobal
